
Microsoft Visual Studio Solution File, Format Version 12.00
# Visual Studio Version 17
VisualStudioVersion = 17.5.33502.453
MinimumVisualStudioVersion = 10.0.40219.1
Project("{FAE04EC0-301F-11D3-BF4B-00C04F79EFBC}") = "HinsHo.ScreenShot.CSharp", "HinsHo.ScreenShot.CSharp\HinsHo.ScreenShot.CSharp.csproj", "{C49A9AF2-838C-4B49-A357-B72FC44796E9}"
EndProject
Project("{FAE04EC0-301F-11D3-BF4B-00C04F79EFBC}") = "HinsHo.ScreenShot.CSharp.WPF_Demo", "HinsHo.ScreenShot.CSharp.WPF_Demo\HinsHo.ScreenShot.CSharp.WPF_Demo.csproj", "{3AB6FF35-40B3-4ADD-B4CE-DEEAA8E188D6}"
EndProject
Global
	GlobalSection(SolutionConfigurationPlatforms) = preSolution
		Debug|Any CPU = Debug|Any CPU
		Release|Any CPU = Release|Any CPU
	EndGlobalSection
	GlobalSection(ProjectConfigurationPlatforms) = postSolution
		{C49A9AF2-838C-4B49-A357-B72FC44796E9}.Debug|Any CPU.ActiveCfg = Debug|Any CPU
		{C49A9AF2-838C-4B49-A357-B72FC44796E9}.Debug|Any CPU.Build.0 = Debug|Any CPU
		{C49A9AF2-838C-4B49-A357-B72FC44796E9}.Release|Any CPU.ActiveCfg = Release|Any CPU
		{C49A9AF2-838C-4B49-A357-B72FC44796E9}.Release|Any CPU.Build.0 = Release|Any CPU
		{3AB6FF35-40B3-4ADD-B4CE-DEEAA8E188D6}.Debug|Any CPU.ActiveCfg = Debug|Any CPU
		{3AB6FF35-40B3-4ADD-B4CE-DEEAA8E188D6}.Debug|Any CPU.Build.0 = Debug|Any CPU
		{3AB6FF35-40B3-4ADD-B4CE-DEEAA8E188D6}.Release|Any CPU.ActiveCfg = Release|Any CPU
		{3AB6FF35-40B3-4ADD-B4CE-DEEAA8E188D6}.Release|Any CPU.Build.0 = Release|Any CPU
	EndGlobalSection
	GlobalSection(SolutionProperties) = preSolution
		HideSolutionNode = FALSE
	EndGlobalSection
	GlobalSection(ExtensibilityGlobals) = postSolution
		SolutionGuid = {2B01657F-06F3-4A88-9D30-4B8C1943CBAA}
	EndGlobalSection
EndGlobal
